PODS:
  - Alamofire (4.8.2)
  - Cosmos (19.0.3)

DEPENDENCIES:
  - Alamofire
  - Cosmos

SPEC REPOS:
  https://github.com/cocoapods/specs.git:
    - Alamofire
    - Cosmos

SPEC CHECKSUMS:
  Alamofire: ae5c501addb7afdbb13687d7f2f722c78734c2d3
  Cosmos: a6fb17284281fa12cf4c85c2efecd440a215ec44

PODFILE CHECKSUM: 5e6cc1707ce186a8bc52cd9b0c74ce56ed2b5e18

COCOAPODS: 1.5.3
